{
  "name": "digital-library-api",
  "version": "1.0.0",
  "lockfileVersion": 2,
  "requires": true,
  "packages": {
    "": {
      "name": "digital-library-api",
      "version": "1.0.0",
      "dependencies": {
        "express": "4.16.0",
        "lodash": "4.17.15",
        "moment": "2.24.0",
        "axios": "0.19.2"
      }
    }
  }
}
